
Microsoft Visual Studio Solution File, Format Version 12.00
# Visual Studio 15
VisualStudioVersion = 15.0.27004.2009
MinimumVisualStudioVersion = 10.0.40219.1
Project("{FAE04EC0-301F-11D3-BF4B-00C04F79EFBC}") = "1.FillTheMatrix", "1.FillTheMatrix\1.FillTheMatrix.csproj", "{97155D59-8432-4A6E-A25F-59FA72C614D7}"
EndProject
Project("{FAE04EC0-301F-11D3-BF4B-00C04F79EFBC}") = "2.MaximalSum", "2.MaximalSum\2.MaximalSum.csproj", "{8011CD95-B109-4A4F-A8D0-571ED54D100D}"
EndProject
Project("{FAE04EC0-301F-11D3-BF4B-00C04F79EFBC}") = "3.SequenceInMatrix", "3.SequenceInMatrix\3.SequenceInMatrix.csproj", "{42EF9E3B-3575-4A16-B20A-8E0600C5CC6B}"
EndProject
Global
	GlobalSection(SolutionConfigurationPlatforms) = preSolution
		Debug|Any CPU = Debug|Any CPU
		Release|Any CPU = Release|Any CPU
	EndGlobalSection
	GlobalSection(ProjectConfigurationPlatforms) = postSolution
		{97155D59-8432-4A6E-A25F-59FA72C614D7}.Debug|Any CPU.ActiveCfg = Debug|Any CPU
		{97155D59-8432-4A6E-A25F-59FA72C614D7}.Debug|Any CPU.Build.0 = Debug|Any CPU
		{97155D59-8432-4A6E-A25F-59FA72C614D7}.Release|Any CPU.ActiveCfg = Release|Any CPU
		{97155D59-8432-4A6E-A25F-59FA72C614D7}.Release|Any CPU.Build.0 = Release|Any CPU
		{8011CD95-B109-4A4F-A8D0-571ED54D100D}.Debug|Any CPU.ActiveCfg = Debug|Any CPU
		{8011CD95-B109-4A4F-A8D0-571ED54D100D}.Debug|Any CPU.Build.0 = Debug|Any CPU
		{8011CD95-B109-4A4F-A8D0-571ED54D100D}.Release|Any CPU.ActiveCfg = Release|Any CPU
		{8011CD95-B109-4A4F-A8D0-571ED54D100D}.Release|Any CPU.Build.0 = Release|Any CPU
		{42EF9E3B-3575-4A16-B20A-8E0600C5CC6B}.Debug|Any CPU.ActiveCfg = Debug|Any CPU
		{42EF9E3B-3575-4A16-B20A-8E0600C5CC6B}.Debug|Any CPU.Build.0 = Debug|Any CPU
		{42EF9E3B-3575-4A16-B20A-8E0600C5CC6B}.Release|Any CPU.ActiveCfg = Release|Any CPU
		{42EF9E3B-3575-4A16-B20A-8E0600C5CC6B}.Release|Any CPU.Build.0 = Release|Any CPU
	EndGlobalSection
	GlobalSection(SolutionProperties) = preSolution
		HideSolutionNode = FALSE
	EndGlobalSection
	GlobalSection(ExtensibilityGlobals) = postSolution
		SolutionGuid = {AF734906-1CEB-433D-8D19-66326767AD41}
	EndGlobalSection
EndGlobal
